# This file is generated by running "yarn install" inside your project.
# Manual changes might be lost - proceed with caution!

__metadata:
  version: 6
  cacheKey: 8

"bb-yarn2@workspace:.":
  version: 0.0.0-use.local
  resolution: "bb-yarn2@workspace:."
  dependencies:
    bobril: "*"
  languageName: unknown
  linkType: soft

"bobril@npm:*":
  version: 20.5.1
  resolution: "bobril@npm:20.5.1"
  checksum: 84b5aedbe7cb046af6124630ff88937c33b88d11598d7d8a12103e1e36fbe093624a3cbf778888fee63455eac114991301f25666be4897896324c0ef6e9956e4
  languageName: node
  linkType: hard
